
Microsoft Visual Studio Solution File, Format Version 12.00
# Visual Studio Version 16
VisualStudioVersion = 16.0.32602.291
MinimumVisualStudioVersion = 10.0.40219.1
Project("{9A19103F-16F7-4668-BE54-9A1E7A4F7556}") = "TiketsTerminal.API", "TiketsTerminal.API.csproj", "{8A381A3D-0CED-4345-9182-854F307837AD}"
EndProject
Project("{9A19103F-16F7-4668-BE54-9A1E7A4F7556}") = "TiketsTerminal.Domain", "..\TiketsTerminal.Domain\TiketsTerminal.Domain.csproj", "{4809ADA2-8F12-4827-BFDE-30C0784B600C}"
EndProject
Project("{FAE04EC0-301F-11D3-BF4B-00C04F79EFBC}") = "TiketsTerminal.Infrastucture", "..\TiketsTerminal.Infrastucture\TiketsTerminal.Infrastucture.csproj", "{A00D987E-23C4-4BA6-9863-6436DD439B45}"
EndProject
Project("{FAE04EC0-301F-11D3-BF4B-00C04F79EFBC}") = "TiketsTerminal.BusinessLogic", "..\TiketsTerminal.BusinessLogic\TiketsTerminal.BusinessLogic.csproj", "{AF6CBAF6-1545-4213-8C51-ECB110D4AB10}"
EndProject
Global
	GlobalSection(SolutionConfigurationPlatforms) = preSolution
		Debug|Any CPU = Debug|Any CPU
		Release|Any CPU = Release|Any CPU
	EndGlobalSection
	GlobalSection(ProjectConfigurationPlatforms) = postSolution
		{8A381A3D-0CED-4345-9182-854F307837AD}.Debug|Any CPU.ActiveCfg = Debug|Any CPU
		{8A381A3D-0CED-4345-9182-854F307837AD}.Debug|Any CPU.Build.0 = Debug|Any CPU
		{8A381A3D-0CED-4345-9182-854F307837AD}.Release|Any CPU.ActiveCfg = Release|Any CPU
		{8A381A3D-0CED-4345-9182-854F307837AD}.Release|Any CPU.Build.0 = Release|Any CPU
		{4809ADA2-8F12-4827-BFDE-30C0784B600C}.Debug|Any CPU.ActiveCfg = Debug|Any CPU
		{4809ADA2-8F12-4827-BFDE-30C0784B600C}.Debug|Any CPU.Build.0 = Debug|Any CPU
		{4809ADA2-8F12-4827-BFDE-30C0784B600C}.Release|Any CPU.ActiveCfg = Release|Any CPU
		{4809ADA2-8F12-4827-BFDE-30C0784B600C}.Release|Any CPU.Build.0 = Release|Any CPU
		{A00D987E-23C4-4BA6-9863-6436DD439B45}.Debug|Any CPU.ActiveCfg = Debug|Any CPU
		{A00D987E-23C4-4BA6-9863-6436DD439B45}.Debug|Any CPU.Build.0 = Debug|Any CPU
		{A00D987E-23C4-4BA6-9863-6436DD439B45}.Release|Any CPU.ActiveCfg = Release|Any CPU
		{A00D987E-23C4-4BA6-9863-6436DD439B45}.Release|Any CPU.Build.0 = Release|Any CPU
		{AF6CBAF6-1545-4213-8C51-ECB110D4AB10}.Debug|Any CPU.ActiveCfg = Debug|Any CPU
		{AF6CBAF6-1545-4213-8C51-ECB110D4AB10}.Debug|Any CPU.Build.0 = Debug|Any CPU
		{AF6CBAF6-1545-4213-8C51-ECB110D4AB10}.Release|Any CPU.ActiveCfg = Release|Any CPU
		{AF6CBAF6-1545-4213-8C51-ECB110D4AB10}.Release|Any CPU.Build.0 = Release|Any CPU
	EndGlobalSection
	GlobalSection(SolutionProperties) = preSolution
		HideSolutionNode = FALSE
	EndGlobalSection
	GlobalSection(ExtensibilityGlobals) = postSolution
		SolutionGuid = {E4B26F50-84EE-4280-B7BE-373A22616032}
	EndGlobalSection
EndGlobal
